// !$*UTF8*$!
{
	archiveVersion = 1;
	classes = {
	};
	objectVersion = 50;
	objects = {

/* Begin PBXBuildFile section */
		D440EE9A222B248100F4FF3B /* AppDelegate.swift in Sources */ = {isa = PBXBuildFile; fileRef = D440EE99222B248100F4FF3B /* AppDelegate.swift */; };
		D440EE9F222B248100F4FF3B /* Main.storyboard in Resources */ = {isa = PBXBuildFile; fileRef = D440EE9D222B248100F4FF3B /* Main.storyboard */; };
		D440EEA2222B248100F4FF3B /* JSON_Table_Viewer.xcdatamodeld in Sources */ = {isa = PBXBuildFile; fileRef = D440EEA0222B248100F4FF3B /* JSON_Table_Viewer.xcdatamodeld */; };
		D440EEA4222B248200F4FF3B /* Assets.xcassets in Resources */ = {isa = PBXBuildFile; fileRef = D440EEA3222B248200F4FF3B /* Assets.xcassets */; };
		D440EEA7222B248200F4FF3B /* LaunchScreen.storyboard in Resources */ = {isa = PBXBuildFile; fileRef = D440EEA5222B248200F4FF3B /* LaunchScreen.storyboard */; };
		D440EEAF222B29AA00F4FF3B /* TableViewController.swift in Sources */ = {isa = PBXBuildFile; fileRef = D440EEAE222B29AA00F4FF3B /* TableViewController.swift */; };
/* End PBXBuildFile section */

/* Begin PBXFileReference section */
		D440EE96222B248100F4FF3B /* JSON Table Viewer.app */ = {isa = PBXFileReference; explicitFileType = wrapper.application; includeInIndex = 0; path = "JSON Table Viewer.app"; sourceTree = BUILT_PRODUCTS_DIR; };
		D440EE99222B248100F4FF3B /* AppDelegate.swift */ = {isa = PBXFileReference; lastKnownFileType = sourcecode.swift; path = AppDelegate.swift; sourceTree = "<group>"; };
		D440EE9E222B248100F4FF3B /* Base */ = {isa = PBXFileReference; lastKnownFileType = file.storyboard; name = Base; path = Base.lproj/Main.storyboard; sourceTree = "<group>"; };
		D440EEA1222B248100F4FF3B /* JSON_Table_Viewer.xcdatamodel */ = {isa = PBXFileReference; lastKnownFileType = wrapper.xcdatamodel; path = JSON_Table_Viewer.xcdatamodel; sourceTree = "<group>"; };
		D440EEA3222B248200F4FF3B /* Assets.xcassets */ = {isa = PBXFileReference; lastKnownFileType = folder.assetcatalog; path = Assets.xcassets; sourceTree = "<group>"; };
		D440EEA6222B248200F4FF3B /* Base */ = {isa = PBXFileReference; lastKnownFileType = file.storyboard; name = Base; path = Base.lproj/LaunchScreen.storyboard; sourceTree = "<group>"; };
		D440EEA8222B248200F4FF3B /* Info.plist */ = {isa = PBXFileReference; lastKnownFileType = text.plist.xml; path = Info.plist; sourceTree = "<group>"; };
		D440EEAE222B29AA00F4FF3B /* TableViewController.swift */ = {isa = PBXFileReference; lastKnownFileType = sourcecode.swift; path = TableViewController.swift; sourceTree = "<group>"; };
/* End PBXFileReference section */

/* Begin PBXFrameworksBuildPhase section */
		D440EE93222B248100F4FF3B /* Frameworks */ = {
			isa = PBXFrameworksBuildPhase;
			buildActionMask = 2147483647;
			files = (
			);
			runOnlyForDeploymentPostprocessing = 0;
		};
/* End PBXFrameworksBuildPhase section */

/* Begin PBXGroup section */
		D440EE8D222B248100F4FF3B = {
			isa = PBXGroup;
			children = (
				D440EE98222B248100F4FF3B /* JSON Table Viewer */,
				D440EE97222B248100F4FF3B /* Products */,
			);
			sourceTree = "<group>";
		};
		D440EE97222B248100F4FF3B /* Products */ = {
			isa = PBXGroup;
			children = (
				D440EE96222B248100F4FF3B /* JSON Table Viewer.app */,
			);
			name = Products;
			sourceTree = "<group>";
		};
		D440EE98222B248100F4FF3B /* JSON Table Viewer */ = {
			isa = PBXGroup;
			children = (
				D440EE99222B248100F4FF3B /* AppDelegate.swift */,
				D440EEAE222B29AA00F4FF3B /* TableViewController.swift */,
				D440EE9D222B248100F4FF3B /* Main.storyboard */,
				D440EEA3222B248200F4FF3B /* Assets.xcassets */,
				D440EEA5222B248200F4FF3B /* LaunchScreen.storyboard */,
				D440EEA8222B248200F4FF3B /* Info.plist */,
				D440EEA0222B248100F4FF3B /* JSON_Table_Viewer.xcdatamodeld */,
			);
			path = "JSON Table Viewer";
			sourceTree = "<group>";
		};
/* End PBXGroup section */

/* Begin PBXNativeTarget section */
		D440EE95222B248100F4FF3B /* JSON Table Viewer */ = {
			isa = PBXNativeTarget;
			buildConfigurationList = D440EEAB222B248200F4FF3B /* Build configuration list for PBXNativeTarget "JSON Table Viewer" */;
			buildPhases = (
				D440EE92222B248100F4FF3B /* Sources */,
				D440EE93222B248100F4FF3B /* Frameworks */,
				D440EE94222B248100F4FF3B /* Resources */,
			);
			buildRules = (
			);
			dependencies = (
			);
			name = "JSON Table Viewer";
			productName = "JSON Table Viewer";
			productReference = D440EE96222B248100F4FF3B /* JSON Table Viewer.app */;
			productType = "com.apple.product-type.application";
		};
/* End PBXNativeTarget section */

/* Begin PBXProject section */
		D440EE8E222B248100F4FF3B /* Project object */ = {
			isa = PBXProject;
			attributes = {
				LastSwiftUpdateCheck = 1010;
				LastUpgradeCheck = 1010;
				ORGANIZATIONNAME = Rob;
				TargetAttributes = {
					D440EE95222B248100F4FF3B = {
						CreatedOnToolsVersion = 10.1;
					};
				};
			};
			buildConfigurationList = D440EE91222B248100F4FF3B /* Build configuration list for PBXProject "JSON Table Viewer" */;
			compatibilityVersion = "Xcode 9.3";
			developmentRegion = en;
			hasScannedForEncodings = 0;
			knownRegions = (
				en,
				Base,
			);
			mainGroup = D440EE8D222B248100F4FF3B;
			productRefGroup = D440EE97222B248100F4FF3B /* Products */;
			projectDirPath = "";
			projectRoot = "";
			targets = (
				D440EE95222B248100F4FF3B /* JSON Table Viewer */,
			);
		};
/* End PBXProject section */

/* Begin PBXResourcesBuildPhase section */
		D440EE94222B248100F4FF3B /* Resources */ = {
			isa = PBXResourcesBuildPhase;
			buildActionMask = 2147483647;
			files = (
				D440EEA7222B248200F4FF3B /* LaunchScreen.storyboard in Resources */,
				D440EEA4222B248200F4FF3B /* Assets.xcassets in Resources */,
				D440EE9F222B248100F4FF3B /* Main.storyboard in Resources */,
			);
			runOnlyForDeploymentPostprocessing = 0;
		};
/* End PBXResourcesBuildPhase section */

/* Begin PBXSourcesBuildPhase section */
		D440EE92222B248100F4FF3B /* Sources */ = {
			isa = PBXSourcesBuildPhase;
			buildActionMask = 2147483647;
			files = (
				D440EEA2222B248100F4FF3B /* JSON_Table_Viewer.xcdatamodeld in Sources */,
				D440EE9A222B248100F4FF3B /* AppDelegate.swift in Sources */,
				D440EEAF222B29AA00F4FF3B /* TableViewController.swift in Sources */,
			);
			runOnlyForDeploymentPostprocessing = 0;
		};
/* End PBXSourcesBuildPhase section */

/* Begin PBXVariantGroup section */
		D440EE9D222B248100F4FF3B /* Main.storyboard */ = {
			isa = PBXVariantGroup;
			children = (
				D440EE9E222B248100F4FF3B /* Base */,
			);
			name = Main.storyboard;
			sourceTree = "<group>";
		};
		D440EEA5222B248200F4FF3B /* LaunchScreen.storyboard */ = {
			isa = PBXVariantGroup;
			children = (
				D440EEA6222B248200F4FF3B /* Base */,
			);
			name = LaunchScreen.storyboard;
			sourceTree = "<group>";
		};
/* End PBXVariantGroup section */

/* Begin XCBuildConfiguration section */
		D440EEA9222B248200F4FF3B /* Debug */ = {
			isa = XCBuildConfiguration;
			buildSettings = {
				ALWAYS_SEARCH_USER_PATHS = NO;
				CLANG_ANALYZER_NONNULL = YES;
				CLANG_ANALYZER_NUMBER_OBJECT_CONVERSION = YES_AGGRESSIVE;
				CLANG_CXX_LANGUAGE_STANDARD = "gnu++14";
				CLANG_CXX_LIBRARY = "libc++";
				CLANG_ENABLE_MODULES = YES;
				CLANG_ENABLE_OBJC_ARC = YES;
				CLANG_ENABLE_OBJC_WEAK = YES;
				CLANG_WARN_BLOCK_CAPTURE_AUTORELEASING = YES;
				CLANG_WARN_BOOL_CONVERSION = YES;
				CLANG_WARN_COMMA = YES;
				CLANG_WARN_CONSTANT_CONVERSION = YES;
				CLANG_WARN_DEPRECATED_OBJC_IMPLEMENTATIONS = YES;
				CLANG_WARN_DIRECT_OBJC_ISA_USAGE = YES_ERROR;
				CLANG_WARN_DOCUMENTATION_COMMENTS = YES;
				CLANG_WARN_EMPTY_BODY = YES;
				CLANG_WARN_ENUM_CONVERSION = YES;
				CLANG_WARN_INFINITE_RECURSION = YES;
				CLANG_WARN_INT_CONVERSION = YES;
				CLANG_WARN_NON_LITERAL_NULL_CONVERSION = YES;
				CLANG_WARN_OBJC_IMPLICIT_RETAIN_SELF = YES;
				CLANG_WARN_OBJC_LITERAL_CONVERSION = YES;
				CLANG_WARN_OBJC_ROOT_CLASS = YES_ERROR;
				CLANG_WARN_RANGE_LOOP_ANALYSIS = YES;
				CLANG_WARN_STRICT_PROTOTYPES = YES;
				CLANG_WARN_SUSPICIOUS_MOVE = YES;
				CLANG_WARN_UNGUARDED_AVAILABILITY = YES_AGGRESSIVE;
				CLANG_WARN_UNREACHABLE_CODE = YES;
				CLANG_WARN__DUPLICATE_METHOD_MATCH = YES;
				CODE_SIGN_IDENTITY = "iPhone Developer";
				COPY_PHASE_STRIP = NO;
				DEBUG_INFORMATION_FORMAT = dwarf;
				ENABLE_STRICT_OBJC_MSGSEND = YES;
				ENABLE_TESTABILITY = YES;
				GCC_C_LANGUAGE_STANDARD = gnu11;
				GCC_DYNAMIC_NO_PIC = NO;
				GCC_NO_COMMON_BLOCKS = YES;
				GCC_OPTIMIZATION_LEVEL = 0;
				GCC_PREPROCESSOR_DEFINITIONS = (
					"DEBUG=1",
					"$(inherited)",
				);
				GCC_WARN_64_TO_32_BIT_CONVERSION = YES;
				GCC_WARN_ABOUT_RETURN_TYPE = YES_ERROR;
				GCC_WARN_UNDECLARED_SELECTOR = YES;
				GCC_WARN_UNINITIALIZED_AUTOS = YES_AGGRESSIVE;
				GCC_WARN_UNUSED_FUNCTION = YES;
				GCC_WARN_UNUSED_VARIABLE = YES;
				IPHONEOS_DEPLOYMENT_TARGET = 12.1;
				MTL_ENABLE_DEBUG_INFO = INCLUDE_SOURCE;
				MTL_FAST_MATH = YES;
				ONLY_ACTIVE_ARCH = YES;
				SDKROOT = iphoneos;
				SWIFT_ACTIVE_COMPILATION_CONDITIONS = DEBUG;
				SWIFT_OPTIMIZATION_LEVEL = "-Onone";
			};
			name = Debug;
		};
		D440EEAA222B248200F4FF3B /* Release */ = {
			isa = XCBuildConfiguration;
			buildSettings = {
				ALWAYS_SEARCH_USER_PATHS = NO;
				CLANG_ANALYZER_NONNULL = YES;
				CLANG_ANALYZER_NUMBER_OBJECT_CONVERSION = YES_AGGRESSIVE;
				CLANG_CXX_LANGUAGE_STANDARD = "gnu++14";
				CLANG_CXX_LIBRARY = "libc++";
				CLANG_ENABLE_MODULES = YES;
				CLANG_ENABLE_OBJC_ARC = YES;
				CLANG_ENABLE_OBJC_WEAK = YES;
				CLANG_WARN_BLOCK_CAPTURE_AUTORELEASING = YES;
				CLANG_WARN_BOOL_CONVERSION = YES;
				CLANG_WARN_COMMA = YES;
				CLANG_WARN_CONSTANT_CONVERSION = YES;
				CLANG_WARN_DEPRECATED_OBJC_IMPLEMENTATIONS = YES;
				CLANG_WARN_DIRECT_OBJC_ISA_USAGE = YES_ERROR;
				CLANG_WARN_DOCUMENTATION_COMMENTS = YES;
				CLANG_WARN_EMPTY_BODY = YES;
				CLANG_WARN_ENUM_CONVERSION = YES;
				CLANG_WARN_INFINITE_RECURSION = YES;
				CLANG_WARN_INT_CONVERSION = YES;
				CLANG_WARN_NON_LITERAL_NULL_CONVERSION = YES;
				CLANG_WARN_OBJC_IMPLICIT_RETAIN_SELF = YES;
				CLANG_WARN_OBJC_LITERAL_CONVERSION = YES;
				CLANG_WARN_OBJC_ROOT_CLASS = YES_ERROR;
				CLANG_WARN_RANGE_LOOP_ANALYSIS = YES;
				CLANG_WARN_STRICT_PROTOTYPES = YES;
				CLANG_WARN_SUSPICIOUS_MOVE = YES;
				CLANG_WARN_UNGUARDED_AVAILABILITY = YES_AGGRESSIVE;
				CLANG_WARN_UNREACHABLE_CODE = YES;
				CLANG_WARN__DUPLICATE_METHOD_MATCH = YES;
				CODE_SIGN_IDENTITY = "iPhone Developer";
				COPY_PHASE_STRIP = NO;
				DEBUG_INFORMATION_FORMAT = "dwarf-with-dsym";
				ENABLE_NS_ASSERTIONS = NO;
				ENABLE_STRICT_OBJC_MSGSEND = YES;
				GCC_C_LANGUAGE_STANDARD = gnu11;
				GCC_NO_COMMON_BLOCKS = YES;
				GCC_WARN_64_TO_32_BIT_CONVERSION = YES;
				GCC_WARN_ABOUT_RETURN_TYPE = YES_ERROR;
				GCC_WARN_UNDECLARED_SELECTOR = YES;
				GCC_WARN_UNINITIALIZED_AUTOS = YES_AGGRESSIVE;
				GCC_WARN_UNUSED_FUNCTION = YES;
				GCC_WARN_UNUSED_VARIABLE = YES;
				IPHONEOS_DEPLOYMENT_TARGET = 12.1;
				MTL_ENABLE_DEBUG_INFO = NO;
				MTL_FAST_MATH = YES;
				SDKROOT = iphoneos;
				SWIFT_COMPILATION_MODE = wholemodule;
				SWIFT_OPTIMIZATION_LEVEL = "-O";
				VALIDATE_PRODUCT = YES;
			};
			name = Release;
		};
		D440EEAC222B248200F4FF3B /* Debug */ = {
			isa = XCBuildConfiguration;
			buildSettings = {
				ASSETCATALOG_COMPILER_APPICON_NAME = AppIcon;
				CODE_SIGN_STYLE = Automatic;
				DEVELOPMENT_TEAM = "";
				INFOPLIST_FILE = "JSON Table Viewer/Info.plist";
				LD_RUNPATH_SEARCH_PATHS = (
					"$(inherited)",
					"@executable_path/Frameworks",
				);
				PRODUCT_BUNDLE_IDENTIFIER = "com.robjweiss.JSON-Table-Viewer";
				PRODUCT_NAME = "$(TARGET_NAME)";
				SWIFT_VERSION = 4.2;
				TARGETED_DEVICE_FAMILY = "1,2";
			};
			name = Debug;
		};
		D440EEAD222B248200F4FF3B /* Release */ = {
			isa = XCBuildConfiguration;
			buildSettings = {
				ASSETCATALOG_COMPILER_APPICON_NAME = AppIcon;
				CODE_SIGN_STYLE = Automatic;
				DEVELOPMENT_TEAM = "";
				INFOPLIST_FILE = "JSON Table Viewer/Info.plist";
				LD_RUNPATH_SEARCH_PATHS = (
					"$(inherited)",
					"@executable_path/Frameworks",
				);
				PRODUCT_BUNDLE_IDENTIFIER = "com.robjweiss.JSON-Table-Viewer";
				PRODUCT_NAME = "$(TARGET_NAME)";
				SWIFT_VERSION = 4.2;
				TARGETED_DEVICE_FAMILY = "1,2";
			};
			name = Release;
		};
/* End XCBuildConfiguration section */

/* Begin XCConfigurationList section */
		D440EE91222B248100F4FF3B /* Build configuration list for PBXProject "JSON Table Viewer" */ = {
			isa = XCConfigurationList;
			buildConfigurations = (
				D440EEA9222B248200F4FF3B /* Debug */,
				D440EEAA222B248200F4FF3B /* Release */,
			);
			defaultConfigurationIsVisible = 0;
			defaultConfigurationName = Release;
		};
		D440EEAB222B248200F4FF3B /* Build configuration list for PBXNativeTarget "JSON Table Viewer" */ = {
			isa = XCConfigurationList;
			buildConfigurations = (
				D440EEAC222B248200F4FF3B /* Debug */,
				D440EEAD222B248200F4FF3B /* Release */,
			);
			defaultConfigurationIsVisible = 0;
			defaultConfigurationName = Release;
		};
/* End XCConfigurationList section */

/* Begin XCVersionGroup section */
		D440EEA0222B248100F4FF3B /* JSON_Table_Viewer.xcdatamodeld */ = {
			isa = XCVersionGroup;
			children = (
				D440EEA1222B248100F4FF3B /* JSON_Table_Viewer.xcdatamodel */,
			);
			currentVersion = D440EEA1222B248100F4FF3B /* JSON_Table_Viewer.xcdatamodel */;
			path = JSON_Table_Viewer.xcdatamodeld;
			sourceTree = "<group>";
			versionGroupType = wrapper.xcdatamodel;
		};
/* End XCVersionGroup section */
	};
	rootObject = D440EE8E222B248100F4FF3B /* Project object */;
}
